
Microsoft Visual Studio Solution File, Format Version 12.00
# Visual Studio Version 17
VisualStudioVersion = 17.7.34018.315
MinimumVisualStudioVersion = 10.0.40219.1
Project("{FAE04EC0-301F-11D3-BF4B-00C04F79EFBC}") = "WebApplication1", "WebApplication1.csproj", "{A9786290-CE83-48DC-A0EE-C45BCDD2099A}"
EndProject
Global
	GlobalSection(SolutionConfigurationPlatforms) = preSolution
		Debug|Any CPU = Debug|Any CPU
		Release|Any CPU = Release|Any CPU
	EndGlobalSection
	GlobalSection(ProjectConfigurationPlatforms) = postSolution
		{A9786290-CE83-48DC-A0EE-C45BCDD2099A}.Debug|Any CPU.ActiveCfg = Debug|Any CPU
		{A9786290-CE83-48DC-A0EE-C45BCDD2099A}.Debug|Any CPU.Build.0 = Debug|Any CPU
		{A9786290-CE83-48DC-A0EE-C45BCDD2099A}.Release|Any CPU.ActiveCfg = Release|Any CPU
		{A9786290-CE83-48DC-A0EE-C45BCDD2099A}.Release|Any CPU.Build.0 = Release|Any CPU
	EndGlobalSection
	GlobalSection(SolutionProperties) = preSolution
		HideSolutionNode = FALSE
	EndGlobalSection
	GlobalSection(ExtensibilityGlobals) = postSolution
		SolutionGuid = {15A608F5-3F09-4DE9-A689-C6D36B50FFED}
	EndGlobalSection
EndGlobal
