
Microsoft Visual Studio Solution File, Format Version 12.00
# Visual Studio Version 17
VisualStudioVersion = 17.7.34018.315
MinimumVisualStudioVersion = 10.0.40219.1
Project("{9A19103F-16F7-4668-BE54-9A1E7A4F7556}") = "Demo.API", "Demo.API.csproj", "{40410CF9-898D-4558-82D0-7D5A3EB5C3D9}"
EndProject
Project("{FAE04EC0-301F-11D3-BF4B-00C04F79EFBC}") = "Demo.BAL", "..\Demo.BAL\Demo.BAL.csproj", "{62B821DE-D0B3-4EE2-9374-3E4D7587DBB8}"
EndProject
Project("{FAE04EC0-301F-11D3-BF4B-00C04F79EFBC}") = "Demo.Business.Contracts", "..\Demo.Business.Contracts\Demo.Business.Contracts.csproj", "{84926578-01E5-4CE9-8BAD-A0C95059B066}"
EndProject
Project("{FAE04EC0-301F-11D3-BF4B-00C04F79EFBC}") = "Demo.Models", "..\Demo.Models\Demo.Models.csproj", "{94BE0E3F-FAFB-42E3-9816-5920BBB8EF4B}"
EndProject
Project("{FAE04EC0-301F-11D3-BF4B-00C04F79EFBC}") = "Demo.Repository", "..\Demo.Repository\Demo.Repository.csproj", "{0D08ABDC-AE23-4967-99FB-E6072DD8EEDB}"
EndProject
Project("{FAE04EC0-301F-11D3-BF4B-00C04F79EFBC}") = "Demo.Utility", "..\Demo.Utility\Demo.Utility.csproj", "{7273848A-05E5-43EF-B47D-7F2D9786B89C}"
EndProject
Global
	GlobalSection(SolutionConfigurationPlatforms) = preSolution
		Debug|Any CPU = Debug|Any CPU
		Release|Any CPU = Release|Any CPU
	EndGlobalSection
	GlobalSection(ProjectConfigurationPlatforms) = postSolution
		{40410CF9-898D-4558-82D0-7D5A3EB5C3D9}.Debug|Any CPU.ActiveCfg = Debug|Any CPU
		{40410CF9-898D-4558-82D0-7D5A3EB5C3D9}.Debug|Any CPU.Build.0 = Debug|Any CPU
		{40410CF9-898D-4558-82D0-7D5A3EB5C3D9}.Release|Any CPU.ActiveCfg = Release|Any CPU
		{40410CF9-898D-4558-82D0-7D5A3EB5C3D9}.Release|Any CPU.Build.0 = Release|Any CPU
		{62B821DE-D0B3-4EE2-9374-3E4D7587DBB8}.Debug|Any CPU.ActiveCfg = Debug|Any CPU
		{62B821DE-D0B3-4EE2-9374-3E4D7587DBB8}.Debug|Any CPU.Build.0 = Debug|Any CPU
		{62B821DE-D0B3-4EE2-9374-3E4D7587DBB8}.Release|Any CPU.ActiveCfg = Release|Any CPU
		{62B821DE-D0B3-4EE2-9374-3E4D7587DBB8}.Release|Any CPU.Build.0 = Release|Any CPU
		{84926578-01E5-4CE9-8BAD-A0C95059B066}.Debug|Any CPU.ActiveCfg = Debug|Any CPU
		{84926578-01E5-4CE9-8BAD-A0C95059B066}.Debug|Any CPU.Build.0 = Debug|Any CPU
		{84926578-01E5-4CE9-8BAD-A0C95059B066}.Release|Any CPU.ActiveCfg = Release|Any CPU
		{84926578-01E5-4CE9-8BAD-A0C95059B066}.Release|Any CPU.Build.0 = Release|Any CPU
		{94BE0E3F-FAFB-42E3-9816-5920BBB8EF4B}.Debug|Any CPU.ActiveCfg = Debug|Any CPU
		{94BE0E3F-FAFB-42E3-9816-5920BBB8EF4B}.Debug|Any CPU.Build.0 = Debug|Any CPU
		{94BE0E3F-FAFB-42E3-9816-5920BBB8EF4B}.Release|Any CPU.ActiveCfg = Release|Any CPU
		{94BE0E3F-FAFB-42E3-9816-5920BBB8EF4B}.Release|Any CPU.Build.0 = Release|Any CPU
		{0D08ABDC-AE23-4967-99FB-E6072DD8EEDB}.Debug|Any CPU.ActiveCfg = Debug|Any CPU
		{0D08ABDC-AE23-4967-99FB-E6072DD8EEDB}.Debug|Any CPU.Build.0 = Debug|Any CPU
		{0D08ABDC-AE23-4967-99FB-E6072DD8EEDB}.Release|Any CPU.ActiveCfg = Release|Any CPU
		{0D08ABDC-AE23-4967-99FB-E6072DD8EEDB}.Release|Any CPU.Build.0 = Release|Any CPU
		{7273848A-05E5-43EF-B47D-7F2D9786B89C}.Debug|Any CPU.ActiveCfg = Debug|Any CPU
		{7273848A-05E5-43EF-B47D-7F2D9786B89C}.Debug|Any CPU.Build.0 = Debug|Any CPU
		{7273848A-05E5-43EF-B47D-7F2D9786B89C}.Release|Any CPU.ActiveCfg = Release|Any CPU
		{7273848A-05E5-43EF-B47D-7F2D9786B89C}.Release|Any CPU.Build.0 = Release|Any CPU
	EndGlobalSection
	GlobalSection(SolutionProperties) = preSolution
		HideSolutionNode = FALSE
	EndGlobalSection
	GlobalSection(ExtensibilityGlobals) = postSolution
		SolutionGuid = {E9DB355B-8511-4CD3-8982-A4857F719B1E}
	EndGlobalSection
EndGlobal
